github.com/machinebox/progress v0.2.0/go.mod h1:hl4FywxSjfmkmCrersGhmJH7KwuKl+Ueq9BXkOny+iE=
github.com/matryer/is v1.2.0/go.mod h1:2fLPjFQM9rhQ15aVEtbuwhJinnOqrmgXPNdZsdwlWXA=
gopkg.in/ugjka/go-tz.v2 v2.0.4 h1:0JRxiV6Yidrmbq8d+qydunwkBuj1HUXw+9U6uEszFkI=
gopkg.in/ugjka/go-tz.v2 v2.0.4/go.mod h1:l93M5EnjrSTTaABtGKIqNcl+z08IYbVDS7v1VA8+PgU=
gopkg.in/ugjka/go-tz.v2 v2.0.5 h1:SBjq/GiW4CSUrf07FzCxLxj4jZgIG1IIlCFab9wtrdg=
gopkg.in/ugjka/go-tz.v2 v2.0.5/go.mod h1:l93M5EnjrSTTaABtGKIqNcl+z08IYbVDS7v1VA8+PgU=
